<?xml version="1.0" encoding="utf-8"?>
<Project ToolsVersion="4.0" xmlns="http://schemas.microsoft.com/developer/msbuild/2003">
  <ItemGroup>
    <Filter Include="Implementacion">
      <UniqueIdentifier>{5f63c92d-1635-4d7e-a513-4bf82e999fe4}</UniqueIdentifier>
    </Filter>
    <Filter Include="Implementacion\Prioridad">
      <UniqueIdentifier>{37170d4b-916d-4416-bf38-4bc132d234e2}</UniqueIdentifier>
    </Filter>
    <Filter Include="TADs">
      <UniqueIdentifier>{a8ff116a-5b89-496d-991e-690e1ce9a61d}</UniqueIdentifier>
    </Filter>
    <Filter Include="ColaPrioridad_Vieja">
      <UniqueIdentifier>{0c2a6438-2ae6-49ae-a523-02f55b9fd49a}</UniqueIdentifier>
    </Filter>
    <Filter Include="Implementacion\Utils">
      <UniqueIdentifier>{217e20ed-5d2f-40f0-b3ba-43255bb41b14}</UniqueIdentifier>
    </Filter>
    <Filter Include="Implementacion\Estado del juego">
      <UniqueIdentifier>{d9c573ac-32a9-45f5-96eb-5fca31ae23a6}</UniqueIdentifier>
    </Filter>
  </ItemGroup>
  <ItemGroup>
    <ClCompile Include="main.cpp">
      <Filter>Implementacion</Filter>
    </ClCompile>
    <ClCompile Include="Tablero.cpp">
      <Filter>Implementacion</Filter>
    </ClCompile>
    <ClCompile Include="CasoDePrueba.cpp">
      <Filter>Implementacion</Filter>
    </ClCompile>
    <ClCompile Include="Sistema.cpp">
      <Filter>Implementacion</Filter>
    </ClCompile>
    <ClCompile Include="PrioridadA.cpp">
      <Filter>Implementacion\Prioridad</Filter>
    </ClCompile>
    <ClCompile Include="PrioridadB.cpp">
      <Filter>Implementacion\Prioridad</Filter>
    </ClCompile>
    <ClCompile Include="SistemaTemplates.cpp">
      <Filter>Implementacion</Filter>
    </ClCompile>
    <ClCompile Include="CPBinaryHeap.cpp">
      <Filter>TADs</Filter>
    </ClCompile>
    <ClCompile Include="Utils.cpp">
      <Filter>Implementacion\Utils</Filter>
    </ClCompile>
    <ClCompile Include="Lista.cpp">
      <Filter>Implementacion\Estado del juego</Filter>
    </ClCompile>
    <ClCompile Include="ListaIteracion.cpp">
      <Filter>Implementacion\Estado del juego</Filter>
    </ClCompile>
  </ItemGroup>
  <ItemGroup>
    <ClInclude Include="Tablero.h">
      <Filter>Implementacion</Filter>
    </ClInclude>
    <ClInclude Include="CasoDePrueba.h">
      <Filter>Implementacion</Filter>
    </ClInclude>
    <ClInclude Include="Sistema.h">
      <Filter>Implementacion</Filter>
    </ClInclude>
    <ClInclude Include="Prioridad.h">
      <Filter>Implementacion\Prioridad</Filter>
    </ClInclude>
    <ClInclude Include="PrioridadA.h">
      <Filter>Implementacion\Prioridad</Filter>
    </ClInclude>
    <ClInclude Include="PrioridadB.h">
      <Filter>Implementacion\Prioridad</Filter>
    </ClInclude>
    <ClInclude Include="ColaPrioridadExtendida.h">
      <Filter>TADs</Filter>
    </ClInclude>
    <ClInclude Include="CPBinaryHeap.h">
      <Filter>TADs</Filter>
    </ClInclude>
    <ClInclude Include="Utils.h">
      <Filter>Implementacion\Utils</Filter>
    </ClInclude>
    <ClInclude Include="NodoLista.h">
      <Filter>Implementacion\Estado del juego</Filter>
    </ClInclude>
    <ClInclude Include="Lista.h">
      <Filter>Implementacion\Estado del juego</Filter>
    </ClInclude>
    <ClInclude Include="ListaIteracion.h">
      <Filter>Implementacion\Estado del juego</Filter>
    </ClInclude>
  </ItemGroup>
</Project>